<?xml version="1.0" encoding="UTF-8"?>
<Scheme
   LastUpgradeVersion = "0820"
   version = "1.3">
   <BuildAction
      parallelizeBuildables = "NO"
      buildImplicitDependencies = "YES">
      <BuildActionEntries>
         <BuildActionEntry
            buildForTesting = "YES"
            buildForRunning = "YES"
            buildForProfiling = "YES"
            buildForArchiving = "YES"
            buildForAnalyzing = "YES">
            <BuildableReference
               BuildableIdentifier = "primary"
               BlueprintIdentifier = "BB8A68971E3932A500B84A1E"
               BuildableName = "libegpfw.a"
               BlueprintName = "egpfw"
               ReferencedContainer = "container:../../egpfw/egpfw.xcodeproj">
            </BuildableReference>
         </BuildActionEntry>
         <BuildActionEntry
            buildForTesting = "YES"
            buildForRunning = "YES"
            buildForProfiling = "YES"
            buildForArchiving = "YES"
            buildForAnalyzing = "YES">
            <BuildableReference
               BuildableIdentifier = "primary"
               BlueprintIdentifier = "BBF58ED71E3D35B800AD1858"
               BuildableName = "egpfwDemoCocoa.app"
               BlueprintName = "egpfwDemoCocoa"
               ReferencedContainer = "container:../../egpfwDemoCocoa/egpfwDemoCocoa.xcodeproj">
            </BuildableReference>
         </BuildActionEntry>
      </BuildActionEntries>
   </BuildAction>
   <TestAction
      buildConfiguration = "Release_complete"
      selectedDebuggerIdentifier = ""
      selectedLauncherIdentifier = "Xcode.IDEFoundation.Launcher.PosixSpawn"
      shouldUseLaunchSchemeArgsEnv = "YES">
      <Testables>
      </Testables>
      <MacroExpansion>
         <BuildableReference
            BuildableIdentifier = "primary"
            BlueprintIdentifier = "BB8A68971E3932A500B84A1E"
            BuildableName = "libegpfw.a"
            BlueprintName = "egpfw"
            ReferencedContainer = "container:../../egpfw/egpfw.xcodeproj">
         </BuildableReference>
      </MacroExpansion>
      <AdditionalOptions>
      </AdditionalOptions>
   </TestAction>
   <LaunchAction
      buildConfiguration = "Release_complete"
      selectedDebuggerIdentifier = ""
      selectedLauncherIdentifier = "Xcode.IDEFoundation.Launcher.PosixSpawn"
      launchStyle = "0"
      useCustomWorkingDirectory = "NO"
      ignoresPersistentStateOnLaunch = "NO"
      debugDocumentVersioning = "YES"
      debugServiceExtension = "internal"
      allowLocationSimulation = "YES">
      <BuildableProductRunnable
         runnableDebuggingMode = "0">
         <BuildableReference
            BuildableIdentifier = "primary"
            BlueprintIdentifier = "BBF58ED71E3D35B800AD1858"
            BuildableName = "egpfwDemoCocoa.app"
            BlueprintName = "egpfwDemoCocoa"
            ReferencedContainer = "container:../../egpfwDemoCocoa/egpfwDemoCocoa.xcodeproj">
         </BuildableReference>
      </BuildableProductRunnable>
      <AdditionalOptions>
      </AdditionalOptions>
   </LaunchAction>
   <ProfileAction
      buildConfiguration = "Release_complete"
      shouldUseLaunchSchemeArgsEnv = "YES"
      savedToolIdentifier = ""
      useCustomWorkingDirectory = "NO"
      debugDocumentVersioning = "YES">
      <BuildableProductRunnable
         runnableDebuggingMode = "0">
         <BuildableReference
            BuildableIdentifier = "primary"
            BlueprintIdentifier = "BBF58ED71E3D35B800AD1858"
            BuildableName = "egpfwDemoCocoa.app"
            BlueprintName = "egpfwDemoCocoa"
            ReferencedContainer = "container:../../egpfwDemoCocoa/egpfwDemoCocoa.xcodeproj">
         </BuildableReference>
      </BuildableProductRunnable>
   </ProfileAction>
   <AnalyzeAction
      buildConfiguration = "Release_complete">
   </AnalyzeAction>
   <ArchiveAction
      buildConfiguration = "Release_complete"
      revealArchiveInOrganizer = "YES">
   </ArchiveAction>
</Scheme>
