// !$*UTF8*$!
{
	archiveVersion = 1;
	classes = {
	};
	objectVersion = 46;
	objects = {

/* Begin PBXBuildFile section */
		BBF58EDD1E3D35B800AD1858 /* AppDelegate.m in Sources */ = {isa = PBXBuildFile; fileRef = BBF58EDC1E3D35B800AD1858 /* AppDelegate.m */; };
		BBF58EE01E3D35B800AD1858 /* main.m in Sources */ = {isa = PBXBuildFile; fileRef = BBF58EDF1E3D35B800AD1858 /* main.m */; };
		BBF58EE21E3D35B800AD1858 /* Assets.xcassets in Resources */ = {isa = PBXBuildFile; fileRef = BBF58EE11E3D35B800AD1858 /* Assets.xcassets */; };
		BBF58EE51E3D35B800AD1858 /* MainMenu.xib in Resources */ = {isa = PBXBuildFile; fileRef = BBF58EE31E3D35B800AD1858 /* MainMenu.xib */; };
		BBF58EF21E3D374100AD1858 /* Cocoa.framework in Frameworks */ = {isa = PBXBuildFile; fileRef = BBF58EF11E3D374100AD1858 /* Cocoa.framework */; };
		BBF58EF61E3D53D100AD1858 /* egpfwDemo.cpp in Sources */ = {isa = PBXBuildFile; fileRef = BBF58EF41E3D53D100AD1858 /* egpfwDemo.cpp */; };
		BBF58EF81E3D577200AD1858 /* OpenGL.framework in Frameworks */ = {isa = PBXBuildFile; fileRef = BBF58EF71E3D577200AD1858 /* OpenGL.framework */; };
		BBF58EFA1E3D60F900AD1858 /* egpfwGLView.m in Sources */ = {isa = PBXBuildFile; fileRef = BBF58EF91E3D60F900AD1858 /* egpfwGLView.m */; };
		BBF58EFD1E3D868F00AD1858 /* CoreVideo.framework in Frameworks */ = {isa = PBXBuildFile; fileRef = BBF58EFC1E3D868F00AD1858 /* CoreVideo.framework */; };
/* End PBXBuildFile section */

/* Begin PBXFileReference section */
		BBF58ED81E3D35B800AD1858 /* egpfwDemoCocoa.app */ = {isa = PBXFileReference; explicitFileType = wrapper.application; includeInIndex = 0; path = egpfwDemoCocoa.app; sourceTree = BUILT_PRODUCTS_DIR; };
		BBF58EDB1E3D35B800AD1858 /* AppDelegate.h */ = {isa = PBXFileReference; lastKnownFileType = sourcecode.c.h; path = AppDelegate.h; sourceTree = "<group>"; };
		BBF58EDC1E3D35B800AD1858 /* AppDelegate.m */ = {isa = PBXFileReference; lastKnownFileType = sourcecode.c.objc; path = AppDelegate.m; sourceTree = "<group>"; };
		BBF58EDF1E3D35B800AD1858 /* main.m */ = {isa = PBXFileReference; lastKnownFileType = sourcecode.c.objc; path = main.m; sourceTree = "<group>"; };
		BBF58EE11E3D35B800AD1858 /* Assets.xcassets */ = {isa = PBXFileReference; lastKnownFileType = folder.assetcatalog; path = Assets.xcassets; sourceTree = "<group>"; };
		BBF58EE41E3D35B800AD1858 /* Base */ = {isa = PBXFileReference; lastKnownFileType = file.xib; name = Base; path = Base.lproj/MainMenu.xib; sourceTree = "<group>"; };
		BBF58EE61E3D35B800AD1858 /* Info.plist */ = {isa = PBXFileReference; lastKnownFileType = text.plist.xml; path = Info.plist; sourceTree = "<group>"; };
		BBF58EF11E3D374100AD1858 /* Cocoa.framework */ = {isa = PBXFileReference; lastKnownFileType = wrapper.framework; name = Cocoa.framework; path = System/Library/Frameworks/Cocoa.framework; sourceTree = SDKROOT; };
		BBF58EF41E3D53D100AD1858 /* egpfwDemo.cpp */ = {isa = PBXFileReference; fileEncoding = 4; lastKnownFileType = sourcecode.cpp.cpp; name = egpfwDemo.cpp; path = ../../../source/egpfwDemo/egpfwDemo.cpp; sourceTree = "<group>"; };
		BBF58EF51E3D53D100AD1858 /* egpfwDemo.h */ = {isa = PBXFileReference; fileEncoding = 4; lastKnownFileType = sourcecode.c.h; name = egpfwDemo.h; path = ../../../source/egpfwDemo/egpfwDemo.h; sourceTree = "<group>"; };
		BBF58EF71E3D577200AD1858 /* OpenGL.framework */ = {isa = PBXFileReference; lastKnownFileType = wrapper.framework; name = OpenGL.framework; path = System/Library/Frameworks/OpenGL.framework; sourceTree = SDKROOT; };
		BBF58EF91E3D60F900AD1858 /* egpfwGLView.m */ = {isa = PBXFileReference; fileEncoding = 4; lastKnownFileType = sourcecode.c.objc; path = egpfwGLView.m; sourceTree = "<group>"; };
		BBF58EFB1E3D611F00AD1858 /* egpfwGLView.h */ = {isa = PBXFileReference; lastKnownFileType = sourcecode.c.h; path = egpfwGLView.h; sourceTree = "<group>"; };
		BBF58EFC1E3D868F00AD1858 /* CoreVideo.framework */ = {isa = PBXFileReference; lastKnownFileType = wrapper.framework; name = CoreVideo.framework; path = System/Library/Frameworks/CoreVideo.framework; sourceTree = SDKROOT; };
/* End PBXFileReference section */

/* Begin PBXFrameworksBuildPhase section */
		BBF58ED51E3D35B800AD1858 /* Frameworks */ = {
			isa = PBXFrameworksBuildPhase;
			buildActionMask = 2147483647;
			files = (
				BBF58EF21E3D374100AD1858 /* Cocoa.framework in Frameworks */,
				BBF58EF81E3D577200AD1858 /* OpenGL.framework in Frameworks */,
				BBF58EFD1E3D868F00AD1858 /* CoreVideo.framework in Frameworks */,
			);
			runOnlyForDeploymentPostprocessing = 0;
		};
/* End PBXFrameworksBuildPhase section */

/* Begin PBXGroup section */
		BBF58ECF1E3D35B800AD1858 = {
			isa = PBXGroup;
			children = (
				BBF58EF31E3D53C000AD1858 /* egpfwDemo */,
				BBF58EDA1E3D35B800AD1858 /* egpfwDemoCocoa */,
				BBF58ED91E3D35B800AD1858 /* Products */,
				BBF58EF01E3D374100AD1858 /* Frameworks */,
			);
			sourceTree = "<group>";
		};
		BBF58ED91E3D35B800AD1858 /* Products */ = {
			isa = PBXGroup;
			children = (
				BBF58ED81E3D35B800AD1858 /* egpfwDemoCocoa.app */,
			);
			name = Products;
			sourceTree = "<group>";
		};
		BBF58EDA1E3D35B800AD1858 /* egpfwDemoCocoa */ = {
			isa = PBXGroup;
			children = (
				BBF58EFB1E3D611F00AD1858 /* egpfwGLView.h */,
				BBF58EF91E3D60F900AD1858 /* egpfwGLView.m */,
				BBF58EDB1E3D35B800AD1858 /* AppDelegate.h */,
				BBF58EDC1E3D35B800AD1858 /* AppDelegate.m */,
				BBF58EE11E3D35B800AD1858 /* Assets.xcassets */,
				BBF58EE31E3D35B800AD1858 /* MainMenu.xib */,
				BBF58EE61E3D35B800AD1858 /* Info.plist */,
				BBF58EDE1E3D35B800AD1858 /* Supporting Files */,
			);
			path = egpfwDemoCocoa;
			sourceTree = "<group>";
		};
		BBF58EDE1E3D35B800AD1858 /* Supporting Files */ = {
			isa = PBXGroup;
			children = (
				BBF58EDF1E3D35B800AD1858 /* main.m */,
			);
			name = "Supporting Files";
			sourceTree = "<group>";
		};
		BBF58EF01E3D374100AD1858 /* Frameworks */ = {
			isa = PBXGroup;
			children = (
				BBF58EF11E3D374100AD1858 /* Cocoa.framework */,
				BBF58EF71E3D577200AD1858 /* OpenGL.framework */,
				BBF58EFC1E3D868F00AD1858 /* CoreVideo.framework */,
			);
			name = Frameworks;
			sourceTree = "<group>";
		};
		BBF58EF31E3D53C000AD1858 /* egpfwDemo */ = {
			isa = PBXGroup;
			children = (
				BBF58EF51E3D53D100AD1858 /* egpfwDemo.h */,
				BBF58EF41E3D53D100AD1858 /* egpfwDemo.cpp */,
			);
			name = egpfwDemo;
			sourceTree = "<group>";
		};
/* End PBXGroup section */

/* Begin PBXNativeTarget section */
		BBF58ED71E3D35B800AD1858 /* egpfwDemoCocoa */ = {
			isa = PBXNativeTarget;
			buildConfigurationList = BBF58EE91E3D35B800AD1858 /* Build configuration list for PBXNativeTarget "egpfwDemoCocoa" */;
			buildPhases = (
				BBF58ED41E3D35B800AD1858 /* Sources */,
				BBF58ED51E3D35B800AD1858 /* Frameworks */,
				BBF58ED61E3D35B800AD1858 /* Resources */,
			);
			buildRules = (
			);
			dependencies = (
			);
			name = egpfwDemoCocoa;
			productName = egpfwDemoCocoa;
			productReference = BBF58ED81E3D35B800AD1858 /* egpfwDemoCocoa.app */;
			productType = "com.apple.product-type.application";
		};
/* End PBXNativeTarget section */

/* Begin PBXProject section */
		BBF58ED01E3D35B800AD1858 /* Project object */ = {
			isa = PBXProject;
			attributes = {
				LastUpgradeCheck = 0820;
				ORGANIZATIONNAME = "Dan Buckstein";
				TargetAttributes = {
					BBF58ED71E3D35B800AD1858 = {
						CreatedOnToolsVersion = 8.2.1;
						ProvisioningStyle = Automatic;
					};
				};
			};
			buildConfigurationList = BBF58ED31E3D35B800AD1858 /* Build configuration list for PBXProject "egpfwDemoCocoa" */;
			compatibilityVersion = "Xcode 3.2";
			developmentRegion = English;
			hasScannedForEncodings = 0;
			knownRegions = (
				en,
				Base,
			);
			mainGroup = BBF58ECF1E3D35B800AD1858;
			productRefGroup = BBF58ED91E3D35B800AD1858 /* Products */;
			projectDirPath = "";
			projectRoot = "";
			targets = (
				BBF58ED71E3D35B800AD1858 /* egpfwDemoCocoa */,
			);
		};
/* End PBXProject section */

/* Begin PBXResourcesBuildPhase section */
		BBF58ED61E3D35B800AD1858 /* Resources */ = {
			isa = PBXResourcesBuildPhase;
			buildActionMask = 2147483647;
			files = (
				BBF58EE21E3D35B800AD1858 /* Assets.xcassets in Resources */,
				BBF58EE51E3D35B800AD1858 /* MainMenu.xib in Resources */,
			);
			runOnlyForDeploymentPostprocessing = 0;
		};
/* End PBXResourcesBuildPhase section */

/* Begin PBXSourcesBuildPhase section */
		BBF58ED41E3D35B800AD1858 /* Sources */ = {
			isa = PBXSourcesBuildPhase;
			buildActionMask = 2147483647;
			files = (
				BBF58EE01E3D35B800AD1858 /* main.m in Sources */,
				BBF58EDD1E3D35B800AD1858 /* AppDelegate.m in Sources */,
				BBF58EF61E3D53D100AD1858 /* egpfwDemo.cpp in Sources */,
				BBF58EFA1E3D60F900AD1858 /* egpfwGLView.m in Sources */,
			);
			runOnlyForDeploymentPostprocessing = 0;
		};
/* End PBXSourcesBuildPhase section */

/* Begin PBXVariantGroup section */
		BBF58EE31E3D35B800AD1858 /* MainMenu.xib */ = {
			isa = PBXVariantGroup;
			children = (
				BBF58EE41E3D35B800AD1858 /* Base */,
			);
			name = MainMenu.xib;
			sourceTree = "<group>";
		};
/* End PBXVariantGroup section */

/* Begin XCBuildConfiguration section */
		BBF58EE71E3D35B800AD1858 /* Debug */ = {
			isa = XCBuildConfiguration;
			buildSettings = {
				ALWAYS_SEARCH_USER_PATHS = NO;
				CLANG_ANALYZER_NONNULL = YES;
				CLANG_CXX_LANGUAGE_STANDARD = "c++0x";
				CLANG_CXX_LIBRARY = "libc++";
				CLANG_ENABLE_MODULES = NO;
				CLANG_ENABLE_OBJC_ARC = NO;
				CLANG_WARN_BOOL_CONVERSION = YES;
				CLANG_WARN_CONSTANT_CONVERSION = YES;
				CLANG_WARN_DIRECT_OBJC_ISA_USAGE = YES_ERROR;
				CLANG_WARN_DOCUMENTATION_COMMENTS = YES;
				CLANG_WARN_EMPTY_BODY = YES;
				CLANG_WARN_ENUM_CONVERSION = YES;
				CLANG_WARN_INFINITE_RECURSION = YES;
				CLANG_WARN_INT_CONVERSION = YES;
				CLANG_WARN_OBJC_ROOT_CLASS = YES_ERROR;
				CLANG_WARN_SUSPICIOUS_MOVE = YES;
				CLANG_WARN_UNREACHABLE_CODE = YES;
				CLANG_WARN__DUPLICATE_METHOD_MATCH = YES;
				CODE_SIGN_IDENTITY = "-";
				CONFIGURATION_BUILD_DIR = "$(BUILD_DIR)";
				COPY_PHASE_STRIP = NO;
				DEBUG_INFORMATION_FORMAT = dwarf;
				ENABLE_STRICT_OBJC_MSGSEND = YES;
				ENABLE_TESTABILITY = YES;
				GCC_C_LANGUAGE_STANDARD = c99;
				GCC_DYNAMIC_NO_PIC = NO;
				GCC_NO_COMMON_BLOCKS = YES;
				GCC_OPTIMIZATION_LEVEL = 0;
				GCC_PREPROCESSOR_DEFINITIONS = (
					"DEBUG=1",
					"$(inherited)",
				);
				GCC_WARN_64_TO_32_BIT_CONVERSION = YES;
				GCC_WARN_ABOUT_RETURN_TYPE = YES_ERROR;
				GCC_WARN_UNDECLARED_SELECTOR = YES;
				GCC_WARN_UNINITIALIZED_AUTOS = YES_AGGRESSIVE;
				GCC_WARN_UNUSED_FUNCTION = YES;
				GCC_WARN_UNUSED_VARIABLE = YES;
				HEADER_SEARCH_PATHS = (
					"$(PROJECT_DIR)/../../../include",
					"$(PROJECT_DIR)/../../../thirdparty/include",
					"$(PROJECT_DIR)/../../../thirdparty/include/xcode",
				);
				LIBRARY_SEARCH_PATHS = (
					"$(PROJECT_DIR)/../../../lib/x86_64/xcode/$(CONFIGURATION)",
					"$(PROJECT_DIR)/../../../thirdparty/lib/x86_64/xcode/$(CONFIGURATION)",
				);
				MACOSX_DEPLOYMENT_TARGET = 10.12;
				MTL_ENABLE_DEBUG_INFO = YES;
				OBJROOT = "$(PROJECT_DIR)/build/x86_64/xcode/$(CONFIGURATION)";
				ONLY_ACTIVE_ARCH = YES;
				OTHER_LDFLAGS = (
					"-lcbmath",
					"-lil",
					"-lilu",
					"-lilut",
					"-legpfwCompleteUtils",
					"-legpfw",
				);
				SDKROOT = macosx;
				SYMROOT = "$(PROJECT_DIR)/../../../bin/x86_64/xcode/$(CONFIGURATION)";
			};
			name = Debug;
		};
		BBF58EE81E3D35B800AD1858 /* Release */ = {
			isa = XCBuildConfiguration;
			buildSettings = {
				ALWAYS_SEARCH_USER_PATHS = NO;
				CLANG_ANALYZER_NONNULL = YES;
				CLANG_CXX_LANGUAGE_STANDARD = "c++0x";
				CLANG_CXX_LIBRARY = "libc++";
				CLANG_ENABLE_MODULES = NO;
				CLANG_ENABLE_OBJC_ARC = NO;
				CLANG_WARN_BOOL_CONVERSION = YES;
				CLANG_WARN_CONSTANT_CONVERSION = YES;
				CLANG_WARN_DIRECT_OBJC_ISA_USAGE = YES_ERROR;
				CLANG_WARN_DOCUMENTATION_COMMENTS = YES;
				CLANG_WARN_EMPTY_BODY = YES;
				CLANG_WARN_ENUM_CONVERSION = YES;
				CLANG_WARN_INFINITE_RECURSION = YES;
				CLANG_WARN_INT_CONVERSION = YES;
				CLANG_WARN_OBJC_ROOT_CLASS = YES_ERROR;
				CLANG_WARN_SUSPICIOUS_MOVE = YES;
				CLANG_WARN_UNREACHABLE_CODE = YES;
				CLANG_WARN__DUPLICATE_METHOD_MATCH = YES;
				CODE_SIGN_IDENTITY = "-";
				CONFIGURATION_BUILD_DIR = "$(BUILD_DIR)";
				COPY_PHASE_STRIP = NO;
				DEBUG_INFORMATION_FORMAT = "dwarf-with-dsym";
				ENABLE_NS_ASSERTIONS = NO;
				ENABLE_STRICT_OBJC_MSGSEND = YES;
				GCC_C_LANGUAGE_STANDARD = c99;
				GCC_NO_COMMON_BLOCKS = YES;
				GCC_WARN_64_TO_32_BIT_CONVERSION = YES;
				GCC_WARN_ABOUT_RETURN_TYPE = YES_ERROR;
				GCC_WARN_UNDECLARED_SELECTOR = YES;
				GCC_WARN_UNINITIALIZED_AUTOS = YES_AGGRESSIVE;
				GCC_WARN_UNUSED_FUNCTION = YES;
				GCC_WARN_UNUSED_VARIABLE = YES;
				HEADER_SEARCH_PATHS = (
					"$(PROJECT_DIR)/../../../include",
					"$(PROJECT_DIR)/../../../thirdparty/include",
					"$(PROJECT_DIR)/../../../thirdparty/include/xcode",
				);
				LIBRARY_SEARCH_PATHS = (
					"$(PROJECT_DIR)/../../../lib/x86_64/xcode/$(CONFIGURATION)",
					"$(PROJECT_DIR)/../../../thirdparty/lib/x86_64/xcode/$(CONFIGURATION)",
				);
				MACOSX_DEPLOYMENT_TARGET = 10.12;
				MTL_ENABLE_DEBUG_INFO = NO;
				OBJROOT = "$(PROJECT_DIR)/build/x86_64/xcode/$(CONFIGURATION)";
				OTHER_LDFLAGS = (
					"-lcbmath",
					"-lil",
					"-lilu",
					"-lilut",
					"-legpfwCompleteUtils",
					"-legpfw",
				);
				SDKROOT = macosx;
				SYMROOT = "$(PROJECT_DIR)/../../../bin/x86_64/xcode/$(CONFIGURATION)";
			};
			name = Release;
		};
		BBF58EEA1E3D35B800AD1858 /* Debug */ = {
			isa = XCBuildConfiguration;
			buildSettings = {
				ASSETCATALOG_COMPILER_APPICON_NAME = AppIcon;
				COMBINE_HIDPI_IMAGES = YES;
				INFOPLIST_FILE = egpfwDemoCocoa/Info.plist;
				LD_RUNPATH_SEARCH_PATHS = "$(inherited) @executable_path/../Frameworks";
				PRODUCT_BUNDLE_IDENTIFIER = dbuckstein.egpfwDemoCocoa;
				PRODUCT_NAME = "$(TARGET_NAME)";
			};
			name = Debug;
		};
		BBF58EEB1E3D35B800AD1858 /* Release */ = {
			isa = XCBuildConfiguration;
			buildSettings = {
				ASSETCATALOG_COMPILER_APPICON_NAME = AppIcon;
				COMBINE_HIDPI_IMAGES = YES;
				INFOPLIST_FILE = egpfwDemoCocoa/Info.plist;
				LD_RUNPATH_SEARCH_PATHS = "$(inherited) @executable_path/../Frameworks";
				PRODUCT_BUNDLE_IDENTIFIER = dbuckstein.egpfwDemoCocoa;
				PRODUCT_NAME = "$(TARGET_NAME)";
			};
			name = Release;
		};
		BBF58EEC1E3D35C600AD1858 /* Debug_complete */ = {
			isa = XCBuildConfiguration;
			buildSettings = {
				ALWAYS_SEARCH_USER_PATHS = NO;
				CLANG_ANALYZER_NONNULL = YES;
				CLANG_CXX_LANGUAGE_STANDARD = "c++0x";
				CLANG_CXX_LIBRARY = "libc++";
				CLANG_ENABLE_MODULES = NO;
				CLANG_ENABLE_OBJC_ARC = NO;
				CLANG_WARN_BOOL_CONVERSION = YES;
				CLANG_WARN_CONSTANT_CONVERSION = YES;
				CLANG_WARN_DIRECT_OBJC_ISA_USAGE = YES_ERROR;
				CLANG_WARN_DOCUMENTATION_COMMENTS = YES;
				CLANG_WARN_EMPTY_BODY = YES;
				CLANG_WARN_ENUM_CONVERSION = YES;
				CLANG_WARN_INFINITE_RECURSION = YES;
				CLANG_WARN_INT_CONVERSION = YES;
				CLANG_WARN_OBJC_ROOT_CLASS = YES_ERROR;
				CLANG_WARN_SUSPICIOUS_MOVE = YES;
				CLANG_WARN_UNREACHABLE_CODE = YES;
				CLANG_WARN__DUPLICATE_METHOD_MATCH = YES;
				CODE_SIGN_IDENTITY = "-";
				CONFIGURATION_BUILD_DIR = "$(BUILD_DIR)";
				COPY_PHASE_STRIP = NO;
				DEBUG_INFORMATION_FORMAT = dwarf;
				ENABLE_STRICT_OBJC_MSGSEND = YES;
				ENABLE_TESTABILITY = YES;
				GCC_C_LANGUAGE_STANDARD = c99;
				GCC_DYNAMIC_NO_PIC = NO;
				GCC_NO_COMMON_BLOCKS = YES;
				GCC_OPTIMIZATION_LEVEL = 0;
				GCC_PREPROCESSOR_DEFINITIONS = (
					"DEBUG=1",
					"$(inherited)",
				);
				GCC_WARN_64_TO_32_BIT_CONVERSION = YES;
				GCC_WARN_ABOUT_RETURN_TYPE = YES_ERROR;
				GCC_WARN_UNDECLARED_SELECTOR = YES;
				GCC_WARN_UNINITIALIZED_AUTOS = YES_AGGRESSIVE;
				GCC_WARN_UNUSED_FUNCTION = YES;
				GCC_WARN_UNUSED_VARIABLE = YES;
				HEADER_SEARCH_PATHS = (
					"$(PROJECT_DIR)/../../../include",
					"$(PROJECT_DIR)/../../../thirdparty/include",
					"$(PROJECT_DIR)/../../../thirdparty/include/xcode",
				);
				LIBRARY_SEARCH_PATHS = (
					"$(PROJECT_DIR)/../../../lib/x86_64/xcode/$(CONFIGURATION)",
					"$(PROJECT_DIR)/../../../thirdparty/lib/x86_64/xcode/Debug",
				);
				MACOSX_DEPLOYMENT_TARGET = 10.12;
				MTL_ENABLE_DEBUG_INFO = YES;
				OBJROOT = "$(PROJECT_DIR)/build/x86_64/xcode/$(CONFIGURATION)";
				ONLY_ACTIVE_ARCH = YES;
				OTHER_LDFLAGS = (
					"-lcbmath",
					"-lil",
					"-lilu",
					"-lilut",
					"-legpfwCompleteUtils",
					"-legpfwComplete",
				);
				SDKROOT = macosx;
				SYMROOT = "$(PROJECT_DIR)/../../../bin/x86_64/xcode/$(CONFIGURATION)";
			};
			name = Debug_complete;
		};
		BBF58EED1E3D35C600AD1858 /* Debug_complete */ = {
			isa = XCBuildConfiguration;
			buildSettings = {
				ASSETCATALOG_COMPILER_APPICON_NAME = AppIcon;
				COMBINE_HIDPI_IMAGES = YES;
				INFOPLIST_FILE = egpfwDemoCocoa/Info.plist;
				LD_RUNPATH_SEARCH_PATHS = "$(inherited) @executable_path/../Frameworks";
				PRODUCT_BUNDLE_IDENTIFIER = dbuckstein.egpfwDemoCocoa;
				PRODUCT_NAME = "$(TARGET_NAME)";
			};
			name = Debug_complete;
		};
		BBF58EEE1E3D35CF00AD1858 /* Release_complete */ = {
			isa = XCBuildConfiguration;
			buildSettings = {
				ALWAYS_SEARCH_USER_PATHS = NO;
				CLANG_ANALYZER_NONNULL = YES;
				CLANG_CXX_LANGUAGE_STANDARD = "c++0x";
				CLANG_CXX_LIBRARY = "libc++";
				CLANG_ENABLE_MODULES = NO;
				CLANG_ENABLE_OBJC_ARC = NO;
				CLANG_WARN_BOOL_CONVERSION = YES;
				CLANG_WARN_CONSTANT_CONVERSION = YES;
				CLANG_WARN_DIRECT_OBJC_ISA_USAGE = YES_ERROR;
				CLANG_WARN_DOCUMENTATION_COMMENTS = YES;
				CLANG_WARN_EMPTY_BODY = YES;
				CLANG_WARN_ENUM_CONVERSION = YES;
				CLANG_WARN_INFINITE_RECURSION = YES;
				CLANG_WARN_INT_CONVERSION = YES;
				CLANG_WARN_OBJC_ROOT_CLASS = YES_ERROR;
				CLANG_WARN_SUSPICIOUS_MOVE = YES;
				CLANG_WARN_UNREACHABLE_CODE = YES;
				CLANG_WARN__DUPLICATE_METHOD_MATCH = YES;
				CODE_SIGN_IDENTITY = "-";
				CONFIGURATION_BUILD_DIR = "$(BUILD_DIR)";
				COPY_PHASE_STRIP = NO;
				DEBUG_INFORMATION_FORMAT = "dwarf-with-dsym";
				ENABLE_NS_ASSERTIONS = NO;
				ENABLE_STRICT_OBJC_MSGSEND = YES;
				GCC_C_LANGUAGE_STANDARD = c99;
				GCC_NO_COMMON_BLOCKS = YES;
				GCC_WARN_64_TO_32_BIT_CONVERSION = YES;
				GCC_WARN_ABOUT_RETURN_TYPE = YES_ERROR;
				GCC_WARN_UNDECLARED_SELECTOR = YES;
				GCC_WARN_UNINITIALIZED_AUTOS = YES_AGGRESSIVE;
				GCC_WARN_UNUSED_FUNCTION = YES;
				GCC_WARN_UNUSED_VARIABLE = YES;
				HEADER_SEARCH_PATHS = (
					"$(PROJECT_DIR)/../../../include",
					"$(PROJECT_DIR)/../../../thirdparty/include",
					"$(PROJECT_DIR)/../../../thirdparty/include/xcode",
				);
				LIBRARY_SEARCH_PATHS = (
					"$(PROJECT_DIR)/../../../lib/x86_64/xcode/$(CONFIGURATION)",
					"$(PROJECT_DIR)/../../../thirdparty/lib/x86_64/xcode/Release",
				);
				MACOSX_DEPLOYMENT_TARGET = 10.12;
				MTL_ENABLE_DEBUG_INFO = NO;
				OBJROOT = "$(PROJECT_DIR)/build/x86_64/xcode/$(CONFIGURATION)";
				OTHER_LDFLAGS = (
					"-lcbmath",
					"-lil",
					"-lilu",
					"-lilut",
					"-legpfwCompleteUtils",
					"-legpfwComplete",
				);
				SDKROOT = macosx;
				SYMROOT = "$(PROJECT_DIR)/../../../bin/x86_64/xcode/$(CONFIGURATION)";
			};
			name = Release_complete;
		};
		BBF58EEF1E3D35CF00AD1858 /* Release_complete */ = {
			isa = XCBuildConfiguration;
			buildSettings = {
				ASSETCATALOG_COMPILER_APPICON_NAME = AppIcon;
				COMBINE_HIDPI_IMAGES = YES;
				INFOPLIST_FILE = egpfwDemoCocoa/Info.plist;
				LD_RUNPATH_SEARCH_PATHS = "$(inherited) @executable_path/../Frameworks";
				PRODUCT_BUNDLE_IDENTIFIER = dbuckstein.egpfwDemoCocoa;
				PRODUCT_NAME = "$(TARGET_NAME)";
			};
			name = Release_complete;
		};
/* End XCBuildConfiguration section */

/* Begin XCConfigurationList section */
		BBF58ED31E3D35B800AD1858 /* Build configuration list for PBXProject "egpfwDemoCocoa" */ = {
			isa = XCConfigurationList;
			buildConfigurations = (
				BBF58EE71E3D35B800AD1858 /* Debug */,
				BBF58EEC1E3D35C600AD1858 /* Debug_complete */,
				BBF58EE81E3D35B800AD1858 /* Release */,
				BBF58EEE1E3D35CF00AD1858 /* Release_complete */,
			);
			defaultConfigurationIsVisible = 0;
			defaultConfigurationName = Release;
		};
		BBF58EE91E3D35B800AD1858 /* Build configuration list for PBXNativeTarget "egpfwDemoCocoa" */ = {
			isa = XCConfigurationList;
			buildConfigurations = (
				BBF58EEA1E3D35B800AD1858 /* Debug */,
				BBF58EED1E3D35C600AD1858 /* Debug_complete */,
				BBF58EEB1E3D35B800AD1858 /* Release */,
				BBF58EEF1E3D35CF00AD1858 /* Release_complete */,
			);
			defaultConfigurationIsVisible = 0;
			defaultConfigurationName = Release;
		};
/* End XCConfigurationList section */
	};
	rootObject = BBF58ED01E3D35B800AD1858 /* Project object */;
}
