<?xml version="1.0" encoding="utf-8"?>
<Project ToolsVersion="4.0" xmlns="http://schemas.microsoft.com/developer/msbuild/2003">
  <ItemGroup>
    <Filter Include="Source Files">
      <UniqueIdentifier>{4FC737F1-C7A5-4376-A066-2A32D752A2FF}</UniqueIdentifier>
      <Extensions>cpp;c;cc;cxx;def;odl;idl;hpj;bat;asm;asmx</Extensions>
    </Filter>
    <Filter Include="Header Files">
      <UniqueIdentifier>{93995380-89BD-4b04-88EB-625FBE52EBFB}</UniqueIdentifier>
      <Extensions>h;hh;hpp;hxx;hm;inl;inc;xsd</Extensions>
    </Filter>
    <Filter Include="Resource Files">
      <UniqueIdentifier>{67DA6AB6-F800-4c08-8B7A-83BB121AAD01}</UniqueIdentifier>
      <Extensions>rc;ico;cur;bmp;dlg;rc2;rct;bin;rgs;gif;jpg;jpeg;jpe;resx;tiff;tif;png;wav;mfcribbon-ms</Extensions>
    </Filter>
    <Filter Include="Source Files\egpfwDemo">
      <UniqueIdentifier>{7dec6d87-16bc-4d69-80ec-968456751b2f}</UniqueIdentifier>
    </Filter>
    <Filter Include="Source Files\egpfwDemo\gphysics">
      <UniqueIdentifier>{024dcf71-eb0d-45ef-a811-b706a6fa9fc5}</UniqueIdentifier>
    </Filter>
    <Filter Include="Resource Files\glsl">
      <UniqueIdentifier>{1af40fab-8ff8-4d7a-b09e-d206ba14a418}</UniqueIdentifier>
    </Filter>
    <Filter Include="Resource Files\glsl\4x">
      <UniqueIdentifier>{befdcf21-eabf-489c-b644-02c3f548a422}</UniqueIdentifier>
    </Filter>
    <Filter Include="Resource Files\glsl\4x\fs">
      <UniqueIdentifier>{bea4c498-acc5-48a8-8c2c-c6cb7f6a3308}</UniqueIdentifier>
    </Filter>
    <Filter Include="Resource Files\glsl\4x\vs">
      <UniqueIdentifier>{5bae0f03-cd7c-42b3-9655-2bf94694ebc2}</UniqueIdentifier>
    </Filter>
  </ItemGroup>
  <ItemGroup>
    <ClCompile Include="..\..\..\source\egpfwDemo\egpfwDemo.cpp">
      <Filter>Source Files\egpfwDemo</Filter>
    </ClCompile>
    <ClCompile Include="egpfwDemoFreeglut\egpDemoFreeglutMain.cpp">
      <Filter>Source Files</Filter>
    </ClCompile>
  </ItemGroup>
  <ItemGroup>
    <ClInclude Include="..\..\..\source\egpfwDemo\egpfwDemo.h">
      <Filter>Source Files\egpfwDemo</Filter>
    </ClInclude>
    <ClInclude Include="egpfwDemoFreeglut\resource.h">
      <Filter>Header Files</Filter>
    </ClInclude>
    <ClInclude Include="..\..\..\source\egpfwDemo\gphysics\egpfwMover.h">
      <Filter>Source Files\egpfwDemo\gphysics</Filter>
    </ClInclude>
    <ClInclude Include="..\..\..\source\egpfwDemo\gphysics\egpfwForces.h">
      <Filter>Source Files\egpfwDemo\gphysics</Filter>
    </ClInclude>
    <ClInclude Include="..\..\..\source\egpfwDemo\gphysics\egpfwShapes.h">
      <Filter>Source Files\egpfwDemo\gphysics</Filter>
    </ClInclude>
    <ClInclude Include="..\..\..\source\egpfwDemo\gphysics\egpfwCollisions.h">
      <Filter>Source Files\egpfwDemo\gphysics</Filter>
    </ClInclude>
  </ItemGroup>
  <ItemGroup>
    <ResourceCompile Include="egpfwDemoFreeglut\egpfwDemoFreeglut.rc">
      <Filter>Resource Files</Filter>
    </ResourceCompile>
  </ItemGroup>
  <ItemGroup>
    <Image Include="egpfwDemoFreeglut\icon1.ico">
      <Filter>Resource Files</Filter>
    </Image>
  </ItemGroup>
  <ItemGroup>
    <None Include="..\..\..\resource\glsl\4x\vs\setClipPos_vs4x.glsl">
      <Filter>Resource Files\glsl\4x\vs</Filter>
    </None>
    <None Include="..\..\..\resource\glsl\4x\fs\drawSolid_fs4x.glsl">
      <Filter>Resource Files\glsl\4x\fs</Filter>
    </None>
  </ItemGroup>
</Project>